
Microsoft Visual Studio Solution File, Format Version 12.00
# Visual Studio 15
VisualStudioVersion = 15.0.27004.2005
MinimumVisualStudioVersion = 10.0.40219.1
Project("{FAE04EC0-301F-11D3-BF4B-00C04F79EFBC}") = "ClientApp", "ClientApp\ClientApp.csproj", "{AFD5CA55-26EC-4B6C-8E0D-3A617C0484B8}"
EndProject
Project("{FAE04EC0-301F-11D3-BF4B-00C04F79EFBC}") = "NetworkArchitecture", "NetworkArchitecture\NetworkArchitecture.csproj", "{6D24D320-C003-4B98-A8B7-2DE8EA6E9D33}"
EndProject
Project("{FAE04EC0-301F-11D3-BF4B-00C04F79EFBC}") = "TestServer", "TestServer\TestServer.csproj", "{BCB617ED-766F-4A76-B955-0F0066EB4356}"
EndProject
Global
	GlobalSection(SolutionConfigurationPlatforms) = preSolution
		Debug|Any CPU = Debug|Any CPU
		Release|Any CPU = Release|Any CPU
	EndGlobalSection
	GlobalSection(ProjectConfigurationPlatforms) = postSolution
		{AFD5CA55-26EC-4B6C-8E0D-3A617C0484B8}.Debug|Any CPU.ActiveCfg = Debug|Any CPU
		{AFD5CA55-26EC-4B6C-8E0D-3A617C0484B8}.Debug|Any CPU.Build.0 = Debug|Any CPU
		{AFD5CA55-26EC-4B6C-8E0D-3A617C0484B8}.Release|Any CPU.ActiveCfg = Release|Any CPU
		{AFD5CA55-26EC-4B6C-8E0D-3A617C0484B8}.Release|Any CPU.Build.0 = Release|Any CPU
		{6D24D320-C003-4B98-A8B7-2DE8EA6E9D33}.Debug|Any CPU.ActiveCfg = Debug|Any CPU
		{6D24D320-C003-4B98-A8B7-2DE8EA6E9D33}.Debug|Any CPU.Build.0 = Debug|Any CPU
		{6D24D320-C003-4B98-A8B7-2DE8EA6E9D33}.Release|Any CPU.ActiveCfg = Release|Any CPU
		{6D24D320-C003-4B98-A8B7-2DE8EA6E9D33}.Release|Any CPU.Build.0 = Release|Any CPU
		{BCB617ED-766F-4A76-B955-0F0066EB4356}.Debug|Any CPU.ActiveCfg = Debug|Any CPU
		{BCB617ED-766F-4A76-B955-0F0066EB4356}.Debug|Any CPU.Build.0 = Debug|Any CPU
		{BCB617ED-766F-4A76-B955-0F0066EB4356}.Release|Any CPU.ActiveCfg = Release|Any CPU
		{BCB617ED-766F-4A76-B955-0F0066EB4356}.Release|Any CPU.Build.0 = Release|Any CPU
	EndGlobalSection
	GlobalSection(SolutionProperties) = preSolution
		HideSolutionNode = FALSE
	EndGlobalSection
	GlobalSection(ExtensibilityGlobals) = postSolution
		SolutionGuid = {B23A4E77-1DAA-4A07-A661-ACF252934ECD}
	EndGlobalSection
EndGlobal
